
Microsoft Visual Studio Solution File, Format Version 12.00
# Visual Studio 15
VisualStudioVersion = 15.0.27130.2026
MinimumVisualStudioVersion = 10.0.40219.1
Project("{2150E333-8FDC-42A3-9474-1A3956D46DE8}") = "src", "src", "{B14F89FD-EBF4-4DEB-9833-F2C4E4407C55}"
EndProject
Project("{2150E333-8FDC-42A3-9474-1A3956D46DE8}") = "tests", "tests", "{81668216-FD7D-4E19-9538-AA168F4AA12B}"
EndProject
Project("{2150E333-8FDC-42A3-9474-1A3956D46DE8}") = "docs", "docs", "{F02D384C-D466-45A8-AFD5-1BB3D2EEC4D7}"
	ProjectSection(SolutionItems) = preProject
		CHANGELOG.md = CHANGELOG.md
		LICENSE.md = LICENSE.md
		README.md = README.md
	EndProjectSection
EndProject
Project("{2150E333-8FDC-42A3-9474-1A3956D46DE8}") = "docs", "docs", "{69C1C941-3821-480C-A8EC-DC0FD4AD6712}"
	ProjectSection(SolutionItems) = preProject
		docs\example.md = docs\example.md
		docs\internals.md = docs\internals.md
	EndProjectSection
EndProject
Project("{9A19103F-16F7-4668-BE54-9A1E7A4F7556}") = "Dynatrace.OpenKit", "src\Dynatrace.OpenKit\Dynatrace.OpenKit.csproj", "{9E288E3E-90DA-48AE-B7CA-D33E1219D90D}"
EndProject
Project("{9A19103F-16F7-4668-BE54-9A1E7A4F7556}") = "Dynatrace.OpenKit.Tests", "tests\Dynatrace.OpenKit.Tests\Dynatrace.OpenKit.Tests.csproj", "{881C72F8-014E-49F3-BF16-4C955F75A440}"
EndProject
Global
	GlobalSection(SolutionConfigurationPlatforms) = preSolution
		Coverage|Any CPU = Coverage|Any CPU
		Coverage|ARM = Coverage|ARM
		Coverage|x64 = Coverage|x64
		Coverage|x86 = Coverage|x86
		Debug|Any CPU = Debug|Any CPU
		Debug|ARM = Debug|ARM
		Debug|x64 = Debug|x64
		Debug|x86 = Debug|x86
		Release|Any CPU = Release|Any CPU
		Release|ARM = Release|ARM
		Release|x64 = Release|x64
		Release|x86 = Release|x86
	EndGlobalSection
	GlobalSection(ProjectConfigurationPlatforms) = postSolution
		{9E288E3E-90DA-48AE-B7CA-D33E1219D90D}.Coverage|Any CPU.ActiveCfg = Coverage|Any CPU
		{9E288E3E-90DA-48AE-B7CA-D33E1219D90D}.Coverage|Any CPU.Build.0 = Coverage|Any CPU
		{9E288E3E-90DA-48AE-B7CA-D33E1219D90D}.Coverage|ARM.ActiveCfg = Coverage|Any CPU
		{9E288E3E-90DA-48AE-B7CA-D33E1219D90D}.Coverage|ARM.Build.0 = Coverage|Any CPU
		{9E288E3E-90DA-48AE-B7CA-D33E1219D90D}.Coverage|x64.ActiveCfg = Coverage|Any CPU
		{9E288E3E-90DA-48AE-B7CA-D33E1219D90D}.Coverage|x64.Build.0 = Coverage|Any CPU
		{9E288E3E-90DA-48AE-B7CA-D33E1219D90D}.Coverage|x86.ActiveCfg = Coverage|Any CPU
		{9E288E3E-90DA-48AE-B7CA-D33E1219D90D}.Coverage|x86.Build.0 = Coverage|Any CPU
		{9E288E3E-90DA-48AE-B7CA-D33E1219D90D}.Debug|Any CPU.ActiveCfg = Debug|Any CPU
		{9E288E3E-90DA-48AE-B7CA-D33E1219D90D}.Debug|Any CPU.Build.0 = Debug|Any CPU
		{9E288E3E-90DA-48AE-B7CA-D33E1219D90D}.Debug|ARM.ActiveCfg = Debug|Any CPU
		{9E288E3E-90DA-48AE-B7CA-D33E1219D90D}.Debug|ARM.Build.0 = Debug|Any CPU
		{9E288E3E-90DA-48AE-B7CA-D33E1219D90D}.Debug|x64.ActiveCfg = Debug|Any CPU
		{9E288E3E-90DA-48AE-B7CA-D33E1219D90D}.Debug|x64.Build.0 = Debug|Any CPU
		{9E288E3E-90DA-48AE-B7CA-D33E1219D90D}.Debug|x86.ActiveCfg = Debug|Any CPU
		{9E288E3E-90DA-48AE-B7CA-D33E1219D90D}.Debug|x86.Build.0 = Debug|Any CPU
		{9E288E3E-90DA-48AE-B7CA-D33E1219D90D}.Release|Any CPU.ActiveCfg = Release|Any CPU
		{9E288E3E-90DA-48AE-B7CA-D33E1219D90D}.Release|Any CPU.Build.0 = Release|Any CPU
		{9E288E3E-90DA-48AE-B7CA-D33E1219D90D}.Release|ARM.ActiveCfg = Release|Any CPU
		{9E288E3E-90DA-48AE-B7CA-D33E1219D90D}.Release|ARM.Build.0 = Release|Any CPU
		{9E288E3E-90DA-48AE-B7CA-D33E1219D90D}.Release|x64.ActiveCfg = Release|Any CPU
		{9E288E3E-90DA-48AE-B7CA-D33E1219D90D}.Release|x64.Build.0 = Release|Any CPU
		{9E288E3E-90DA-48AE-B7CA-D33E1219D90D}.Release|x86.ActiveCfg = Release|Any CPU
		{9E288E3E-90DA-48AE-B7CA-D33E1219D90D}.Release|x86.Build.0 = Release|Any CPU
		{881C72F8-014E-49F3-BF16-4C955F75A440}.Coverage|Any CPU.ActiveCfg = Coverage|Any CPU
		{881C72F8-014E-49F3-BF16-4C955F75A440}.Coverage|Any CPU.Build.0 = Coverage|Any CPU
		{881C72F8-014E-49F3-BF16-4C955F75A440}.Coverage|ARM.ActiveCfg = Coverage|Any CPU
		{881C72F8-014E-49F3-BF16-4C955F75A440}.Coverage|ARM.Build.0 = Coverage|Any CPU
		{881C72F8-014E-49F3-BF16-4C955F75A440}.Coverage|x64.ActiveCfg = Coverage|Any CPU
		{881C72F8-014E-49F3-BF16-4C955F75A440}.Coverage|x64.Build.0 = Coverage|Any CPU
		{881C72F8-014E-49F3-BF16-4C955F75A440}.Coverage|x86.ActiveCfg = Coverage|Any CPU
		{881C72F8-014E-49F3-BF16-4C955F75A440}.Coverage|x86.Build.0 = Coverage|Any CPU
		{881C72F8-014E-49F3-BF16-4C955F75A440}.Debug|Any CPU.ActiveCfg = Debug|Any CPU
		{881C72F8-014E-49F3-BF16-4C955F75A440}.Debug|Any CPU.Build.0 = Debug|Any CPU
		{881C72F8-014E-49F3-BF16-4C955F75A440}.Debug|ARM.ActiveCfg = Debug|Any CPU
		{881C72F8-014E-49F3-BF16-4C955F75A440}.Debug|ARM.Build.0 = Debug|Any CPU
		{881C72F8-014E-49F3-BF16-4C955F75A440}.Debug|x64.ActiveCfg = Debug|Any CPU
		{881C72F8-014E-49F3-BF16-4C955F75A440}.Debug|x64.Build.0 = Debug|Any CPU
		{881C72F8-014E-49F3-BF16-4C955F75A440}.Debug|x86.ActiveCfg = Debug|Any CPU
		{881C72F8-014E-49F3-BF16-4C955F75A440}.Debug|x86.Build.0 = Debug|Any CPU
		{881C72F8-014E-49F3-BF16-4C955F75A440}.Release|Any CPU.ActiveCfg = Release|Any CPU
		{881C72F8-014E-49F3-BF16-4C955F75A440}.Release|Any CPU.Build.0 = Release|Any CPU
		{881C72F8-014E-49F3-BF16-4C955F75A440}.Release|ARM.ActiveCfg = Release|Any CPU
		{881C72F8-014E-49F3-BF16-4C955F75A440}.Release|ARM.Build.0 = Release|Any CPU
		{881C72F8-014E-49F3-BF16-4C955F75A440}.Release|x64.ActiveCfg = Release|Any CPU
		{881C72F8-014E-49F3-BF16-4C955F75A440}.Release|x64.Build.0 = Release|Any CPU
		{881C72F8-014E-49F3-BF16-4C955F75A440}.Release|x86.ActiveCfg = Release|Any CPU
		{881C72F8-014E-49F3-BF16-4C955F75A440}.Release|x86.Build.0 = Release|Any CPU
	EndGlobalSection
	GlobalSection(SolutionProperties) = preSolution
		HideSolutionNode = FALSE
	EndGlobalSection
	GlobalSection(NestedProjects) = preSolution
		{69C1C941-3821-480C-A8EC-DC0FD4AD6712} = {F02D384C-D466-45A8-AFD5-1BB3D2EEC4D7}
		{9E288E3E-90DA-48AE-B7CA-D33E1219D90D} = {B14F89FD-EBF4-4DEB-9833-F2C4E4407C55}
		{881C72F8-014E-49F3-BF16-4C955F75A440} = {81668216-FD7D-4E19-9538-AA168F4AA12B}
	EndGlobalSection
	GlobalSection(ExtensibilityGlobals) = postSolution
		SolutionGuid = {F480439E-DC91-4B89-853A-4BBA4C5539F1}
	EndGlobalSection
EndGlobal
